
Microsoft Visual Studio Solution File, Format Version 12.00
# Visual Studio Version 17
VisualStudioVersion = 17.0.32014.148
MinimumVisualStudioVersion = 10.0.40219.1
Project("{9A19103F-16F7-4668-BE54-9A1E7A4F7556}") = "EFSoft.Customers.Api", "EFSoft.Customers.Api\EFSoft.Customers.Api.csproj", "{59DC99FB-9E55-486D-9BAC-A158864CA3B8}"
EndProject
Project("{9A19103F-16F7-4668-BE54-9A1E7A4F7556}") = "EFSoft.Customers.Application", "EFSoft.Customers.Application\EFSoft.Customers.Application.csproj", "{FF3E3642-B053-4B0D-9F37-BD7361C917BF}"
EndProject
Project("{9A19103F-16F7-4668-BE54-9A1E7A4F7556}") = "EFSoft.Customers.Domain", "EFSoft.Customers.Domain\EFSoft.Customers.Domain.csproj", "{6D258F1F-1543-4926-802E-898030349E8C}"
EndProject
Project("{9A19103F-16F7-4668-BE54-9A1E7A4F7556}") = "EFSoft.Customers.Infrastructure", "EFSoft.Customers.Infrastructure\EFSoft.Customers.Infrastructure.csproj", "{D5D0901F-36D1-43B9-99B2-5FE90B3B4334}"
EndProject
Project("{2150E333-8FDC-42A3-9474-1A3956D46DE8}") = "Solution Items", "Solution Items", "{488BF926-3B96-488A-AB2E-85D4C587E981}"
	ProjectSection(SolutionItems) = preProject
		.editorconfig = .editorconfig
		.gitignore = .gitignore
		azure-pipelines-k8.yml = azure-pipelines-k8.yml
		azure-pipelines.yml = azure-pipelines.yml
		Dockerfile = Dockerfile
		NuGet.Config = NuGet.Config
	EndProjectSection
EndProject
Global
	GlobalSection(SolutionConfigurationPlatforms) = preSolution
		Debug|Any CPU = Debug|Any CPU
		Release|Any CPU = Release|Any CPU
	EndGlobalSection
	GlobalSection(ProjectConfigurationPlatforms) = postSolution
		{59DC99FB-9E55-486D-9BAC-A158864CA3B8}.Debug|Any CPU.ActiveCfg = Debug|Any CPU
		{59DC99FB-9E55-486D-9BAC-A158864CA3B8}.Debug|Any CPU.Build.0 = Debug|Any CPU
		{59DC99FB-9E55-486D-9BAC-A158864CA3B8}.Release|Any CPU.ActiveCfg = Release|Any CPU
		{59DC99FB-9E55-486D-9BAC-A158864CA3B8}.Release|Any CPU.Build.0 = Release|Any CPU
		{FF3E3642-B053-4B0D-9F37-BD7361C917BF}.Debug|Any CPU.ActiveCfg = Debug|Any CPU
		{FF3E3642-B053-4B0D-9F37-BD7361C917BF}.Debug|Any CPU.Build.0 = Debug|Any CPU
		{FF3E3642-B053-4B0D-9F37-BD7361C917BF}.Release|Any CPU.ActiveCfg = Release|Any CPU
		{FF3E3642-B053-4B0D-9F37-BD7361C917BF}.Release|Any CPU.Build.0 = Release|Any CPU
		{6D258F1F-1543-4926-802E-898030349E8C}.Debug|Any CPU.ActiveCfg = Debug|Any CPU
		{6D258F1F-1543-4926-802E-898030349E8C}.Debug|Any CPU.Build.0 = Debug|Any CPU
		{6D258F1F-1543-4926-802E-898030349E8C}.Release|Any CPU.ActiveCfg = Release|Any CPU
		{6D258F1F-1543-4926-802E-898030349E8C}.Release|Any CPU.Build.0 = Release|Any CPU
		{D5D0901F-36D1-43B9-99B2-5FE90B3B4334}.Debug|Any CPU.ActiveCfg = Debug|Any CPU
		{D5D0901F-36D1-43B9-99B2-5FE90B3B4334}.Debug|Any CPU.Build.0 = Debug|Any CPU
		{D5D0901F-36D1-43B9-99B2-5FE90B3B4334}.Release|Any CPU.ActiveCfg = Release|Any CPU
		{D5D0901F-36D1-43B9-99B2-5FE90B3B4334}.Release|Any CPU.Build.0 = Release|Any CPU
	EndGlobalSection
	GlobalSection(SolutionProperties) = preSolution
		HideSolutionNode = FALSE
	EndGlobalSection
	GlobalSection(ExtensibilityGlobals) = postSolution
		SolutionGuid = {691D70C0-553E-45A8-9DEB-89975669F91F}
	EndGlobalSection
EndGlobal
